
Microsoft Visual Studio Solution File, Format Version 12.00
# Visual Studio Version 17
VisualStudioVersion = 17.7.34221.43
MinimumVisualStudioVersion = 10.0.40219.1
Project("{FAE04EC0-301F-11D3-BF4B-00C04F79EFBC}") = "ConsoleApp5", "ConsoleApp5\ConsoleApp5.csproj", "{13DDFDBC-0883-4712-B1F2-7C3291640924}"
EndProject
Global
	GlobalSection(SolutionConfigurationPlatforms) = preSolution
		Debug|Any CPU = Debug|Any CPU
		Release|Any CPU = Release|Any CPU
	EndGlobalSection
	GlobalSection(ProjectConfigurationPlatforms) = postSolution
		{13DDFDBC-0883-4712-B1F2-7C3291640924}.Debug|Any CPU.ActiveCfg = Debug|Any CPU
		{13DDFDBC-0883-4712-B1F2-7C3291640924}.Debug|Any CPU.Build.0 = Debug|Any CPU
		{13DDFDBC-0883-4712-B1F2-7C3291640924}.Release|Any CPU.ActiveCfg = Release|Any CPU
		{13DDFDBC-0883-4712-B1F2-7C3291640924}.Release|Any CPU.Build.0 = Release|Any CPU
	EndGlobalSection
	GlobalSection(SolutionProperties) = preSolution
		HideSolutionNode = FALSE
	EndGlobalSection
	GlobalSection(ExtensibilityGlobals) = postSolution
		SolutionGuid = {8C7A7444-0900-445D-AAD3-DF7C3474F164}
	EndGlobalSection
EndGlobal
